
Microsoft Visual Studio Solution File, Format Version 11.00
# Visual Studio 2010
Project("{FAE04EC0-301F-11D3-BF4B-00C04F79EFBC}") = "Assembly-CSharp", "Assembly-CSharp.csproj", "{0936ab27-db15-e352-4d4e-5a489b4c4689}"
EndProject
Project("{FAE04EC0-301F-11D3-BF4B-00C04F79EFBC}") = "glTFast", "glTFast.csproj", "{541c0374-9395-c8b2-469d-b05ee1aea4cc}"
EndProject
Project("{FAE04EC0-301F-11D3-BF4B-00C04F79EFBC}") = "glTFastSchema", "glTFastSchema.csproj", "{61f53fc8-e845-ad60-564a-6b3dd967caa9}"
EndProject
Project("{FAE04EC0-301F-11D3-BF4B-00C04F79EFBC}") = "Siccity.GLTFUtility", "Siccity.GLTFUtility.csproj", "{60a90fd1-097f-8013-d7a4-59b094a6c7b6}"
EndProject
Project("{FAE04EC0-301F-11D3-BF4B-00C04F79EFBC}") = "Draco", "Draco.csproj", "{12bfca2d-cc11-0db3-2d7c-ce34df8cdf8e}"
EndProject
Project("{FAE04EC0-301F-11D3-BF4B-00C04F79EFBC}") = "glTFastFakeSchema", "glTFastFakeSchema.csproj", "{ceff5793-1198-c94a-ad2e-844891334034}"
EndProject
Project("{FAE04EC0-301F-11D3-BF4B-00C04F79EFBC}") = "glTFSampleModels", "glTFSampleModels.csproj", "{4fc30b8d-8fe7-e834-d2cf-67f3775f024f}"
EndProject
Project("{FAE04EC0-301F-11D3-BF4B-00C04F79EFBC}") = "glTFastTests", "glTFastTests.csproj", "{0a2f4834-1cd8-4a38-a9a2-2c8d18ba1611}"
EndProject
Project("{FAE04EC0-301F-11D3-BF4B-00C04F79EFBC}") = "Siccity.GLTFUtility.Editor", "Siccity.GLTFUtility.Editor.csproj", "{c968e56d-9c44-9b03-e7b3-b3d2653cadef}"
EndProject
Project("{FAE04EC0-301F-11D3-BF4B-00C04F79EFBC}") = "Assembly-CSharp-Editor", "Assembly-CSharp-Editor.csproj", "{a7220337-19a7-4f62-301a-562657b3efd1}"
EndProject
Project("{FAE04EC0-301F-11D3-BF4B-00C04F79EFBC}") = "DracoEditor", "DracoEditor.csproj", "{a7e9f7d0-c566-cb57-ada4-1e35d8af5d5e}"
EndProject
Global
	GlobalSection(SolutionConfigurationPlatforms) = preSolution
		Debug|Any CPU = Debug|Any CPU
	EndGlobalSection
	GlobalSection(ProjectConfigurationPlatforms) = postSolution
		{0936ab27-db15-e352-4d4e-5a489b4c4689}.Debug|Any CPU.ActiveCfg = Debug|Any CPU
		{0936ab27-db15-e352-4d4e-5a489b4c4689}.Debug|Any CPU.Build.0 = Debug|Any CPU
		{541c0374-9395-c8b2-469d-b05ee1aea4cc}.Debug|Any CPU.ActiveCfg = Debug|Any CPU
		{541c0374-9395-c8b2-469d-b05ee1aea4cc}.Debug|Any CPU.Build.0 = Debug|Any CPU
		{61f53fc8-e845-ad60-564a-6b3dd967caa9}.Debug|Any CPU.ActiveCfg = Debug|Any CPU
		{61f53fc8-e845-ad60-564a-6b3dd967caa9}.Debug|Any CPU.Build.0 = Debug|Any CPU
		{60a90fd1-097f-8013-d7a4-59b094a6c7b6}.Debug|Any CPU.ActiveCfg = Debug|Any CPU
		{60a90fd1-097f-8013-d7a4-59b094a6c7b6}.Debug|Any CPU.Build.0 = Debug|Any CPU
		{12bfca2d-cc11-0db3-2d7c-ce34df8cdf8e}.Debug|Any CPU.ActiveCfg = Debug|Any CPU
		{12bfca2d-cc11-0db3-2d7c-ce34df8cdf8e}.Debug|Any CPU.Build.0 = Debug|Any CPU
		{ceff5793-1198-c94a-ad2e-844891334034}.Debug|Any CPU.ActiveCfg = Debug|Any CPU
		{ceff5793-1198-c94a-ad2e-844891334034}.Debug|Any CPU.Build.0 = Debug|Any CPU
		{4fc30b8d-8fe7-e834-d2cf-67f3775f024f}.Debug|Any CPU.ActiveCfg = Debug|Any CPU
		{4fc30b8d-8fe7-e834-d2cf-67f3775f024f}.Debug|Any CPU.Build.0 = Debug|Any CPU
		{0a2f4834-1cd8-4a38-a9a2-2c8d18ba1611}.Debug|Any CPU.ActiveCfg = Debug|Any CPU
		{0a2f4834-1cd8-4a38-a9a2-2c8d18ba1611}.Debug|Any CPU.Build.0 = Debug|Any CPU
		{c968e56d-9c44-9b03-e7b3-b3d2653cadef}.Debug|Any CPU.ActiveCfg = Debug|Any CPU
		{c968e56d-9c44-9b03-e7b3-b3d2653cadef}.Debug|Any CPU.Build.0 = Debug|Any CPU
		{a7220337-19a7-4f62-301a-562657b3efd1}.Debug|Any CPU.ActiveCfg = Debug|Any CPU
		{a7220337-19a7-4f62-301a-562657b3efd1}.Debug|Any CPU.Build.0 = Debug|Any CPU
		{a7e9f7d0-c566-cb57-ada4-1e35d8af5d5e}.Debug|Any CPU.ActiveCfg = Debug|Any CPU
		{a7e9f7d0-c566-cb57-ada4-1e35d8af5d5e}.Debug|Any CPU.Build.0 = Debug|Any CPU
	EndGlobalSection
	GlobalSection(SolutionProperties) = preSolution
		HideSolutionNode = FALSE
	EndGlobalSection
EndGlobal
